
Microsoft Visual Studio Solution File, Format Version 12.00
# Visual Studio Version 16
VisualStudioVersion = 16.0.29409.12
MinimumVisualStudioVersion = 10.0.40219.1
Project("{FAE04EC0-301F-11D3-BF4B-00C04F79EFBC}") = "dotNet5780_02_8228_9333", "dotNet5780_02_8228_9333\dotNet5780_02_8228_9333.csproj", "{E46E31FF-8A17-4A43-8242-F4D3890EF4A9}"
EndProject
Global
	GlobalSection(SolutionConfigurationPlatforms) = preSolution
		Debug|Any CPU = Debug|Any CPU
		Release|Any CPU = Release|Any CPU
	EndGlobalSection
	GlobalSection(ProjectConfigurationPlatforms) = postSolution
		{E46E31FF-8A17-4A43-8242-F4D3890EF4A9}.Debug|Any CPU.ActiveCfg = Debug|Any CPU
		{E46E31FF-8A17-4A43-8242-F4D3890EF4A9}.Debug|Any CPU.Build.0 = Debug|Any CPU
		{E46E31FF-8A17-4A43-8242-F4D3890EF4A9}.Release|Any CPU.ActiveCfg = Release|Any CPU
		{E46E31FF-8A17-4A43-8242-F4D3890EF4A9}.Release|Any CPU.Build.0 = Release|Any CPU
	EndGlobalSection
	GlobalSection(SolutionProperties) = preSolution
		HideSolutionNode = FALSE
	EndGlobalSection
	GlobalSection(ExtensibilityGlobals) = postSolution
		SolutionGuid = {F84C93E1-9709-4E80-B2BB-21394DA475A6}
	EndGlobalSection
EndGlobal
